
Microsoft Visual Studio Solution File, Format Version 12.00
# Visual Studio Version 17
VisualStudioVersion = 17.14.36401.2 d17.14
MinimumVisualStudioVersion = 10.0.40219.1
Project("{FAE04EC0-301F-11D3-BF4B-00C04F79EFBC}") = "Viniciusas", "Viniciusas.csproj", "{A23BCD5B-B821-4D40-AC9C-A0551BEB5AA3}"
EndProject
Global
	GlobalSection(SolutionConfigurationPlatforms) = preSolution
		Debug|Any CPU = Debug|Any CPU
		Release|Any CPU = Release|Any CPU
	EndGlobalSection
	GlobalSection(ProjectConfigurationPlatforms) = postSolution
		{A23BCD5B-B821-4D40-AC9C-A0551BEB5AA3}.Debug|Any CPU.ActiveCfg = Debug|Any CPU
		{A23BCD5B-B821-4D40-AC9C-A0551BEB5AA3}.Debug|Any CPU.Build.0 = Debug|Any CPU
		{A23BCD5B-B821-4D40-AC9C-A0551BEB5AA3}.Release|Any CPU.ActiveCfg = Release|Any CPU
		{A23BCD5B-B821-4D40-AC9C-A0551BEB5AA3}.Release|Any CPU.Build.0 = Release|Any CPU
	EndGlobalSection
	GlobalSection(SolutionProperties) = preSolution
		HideSolutionNode = FALSE
	EndGlobalSection
	GlobalSection(ExtensibilityGlobals) = postSolution
		SolutionGuid = {C6704D34-3B9F-4218-9A27-7DF16292B338}
	EndGlobalSection
EndGlobal
